
Microsoft Visual Studio Solution File, Format Version 12.00
# Visual Studio Version 16
VisualStudioVersion = 16.0.30523.141
MinimumVisualStudioVersion = 10.0.40219.1
Project("{9A19103F-16F7-4668-BE54-9A1E7A4F7556}") = "SortedDictionary_Masina_Persoana", "SortedDictionary_Masina_Persoana\SortedDictionary_Masina_Persoana.csproj", "{1B33A049-2B6B-46C7-AC77-1A87079BF378}"
EndProject
Project("{FAE04EC0-301F-11D3-BF4B-00C04F79EFBC}") = "SortedDictionary_Masina_Persoana_FRONT_END", "SortedDictionary_Masina_Persoana_FRONT_END\SortedDictionary_Masina_Persoana_FRONT_END.csproj", "{D91B34A1-1934-49AB-804F-E281F8F2FDA6}"
EndProject
Global
	GlobalSection(SolutionConfigurationPlatforms) = preSolution
		Debug|Any CPU = Debug|Any CPU
		Release|Any CPU = Release|Any CPU
	EndGlobalSection
	GlobalSection(ProjectConfigurationPlatforms) = postSolution
		{1B33A049-2B6B-46C7-AC77-1A87079BF378}.Debug|Any CPU.ActiveCfg = Debug|Any CPU
		{1B33A049-2B6B-46C7-AC77-1A87079BF378}.Debug|Any CPU.Build.0 = Debug|Any CPU
		{1B33A049-2B6B-46C7-AC77-1A87079BF378}.Release|Any CPU.ActiveCfg = Release|Any CPU
		{1B33A049-2B6B-46C7-AC77-1A87079BF378}.Release|Any CPU.Build.0 = Release|Any CPU
		{D91B34A1-1934-49AB-804F-E281F8F2FDA6}.Debug|Any CPU.ActiveCfg = Debug|Any CPU
		{D91B34A1-1934-49AB-804F-E281F8F2FDA6}.Debug|Any CPU.Build.0 = Debug|Any CPU
		{D91B34A1-1934-49AB-804F-E281F8F2FDA6}.Release|Any CPU.ActiveCfg = Release|Any CPU
		{D91B34A1-1934-49AB-804F-E281F8F2FDA6}.Release|Any CPU.Build.0 = Release|Any CPU
	EndGlobalSection
	GlobalSection(SolutionProperties) = preSolution
		HideSolutionNode = FALSE
	EndGlobalSection
	GlobalSection(ExtensibilityGlobals) = postSolution
		SolutionGuid = {3142A5FA-1DC4-4553-A88D-4C93DA8D894F}
	EndGlobalSection
EndGlobal
